dependencies:
- name: kube-prometheus-stack
  repository: oci://ghcr.io/prometheus-community/charts
  version: 87.7.0
- name: loki
  repository: oci://ghcr.io/grafana-community/helm-charts
  version: 18.4.0
- name: alloy
  repository: https://grafana.github.io/helm-charts
  version: 1.10.0
- name: tempo
  repository: oci://ghcr.io/grafana-community/helm-charts
  version: 2.2.3
- name: prometheus-blackbox-exporter
  repository: oci://ghcr.io/prometheus-community/charts
  version: 11.15.1
digest: sha256:a9343b811b3ca8e89b559abe5249a16c1aebcb76ad77e2b5d15571015f557e07
generated: "2026-07-13T02:24:24.023104164Z"
