dependencies:
- name: kube-prometheus-stack
  repository: oci://ghcr.io/prometheus-community/charts
  version: 87.7.0
- name: loki
  repository: oci://ghcr.io/grafana-community/helm-charts
  version: 18.4.0
- name: alloy
  repository: https://grafana.github.io/helm-charts
  version: 1.10.0
- name: tempo
  repository: oci://ghcr.io/grafana-community/helm-charts
  version: 2.2.3
digest: sha256:d6ac3a8a7445ad9f53d9e1ae99b4bed18f483a8c567b20d6dc41cca9cb23b279
generated: "2026-07-07T13:54:48.622778839-07:00"
